
Microsoft Visual Studio Solution File, Format Version 12.00
# Visual Studio Version 17
VisualStudioVersion = 17.5.002.0
MinimumVisualStudioVersion = 10.0.40219.1
Project("{9A19103F-16F7-4668-BE54-9A1E7A4F7556}") = "Envoycan_Application", "Envoycan_Application.csproj", "{D46915FD-01F2-44BE-90EC-CD468526C661}"
EndProject
Global
	GlobalSection(SolutionConfigurationPlatforms) = preSolution
		Debug|Any CPU = Debug|Any CPU
		Release|Any CPU = Release|Any CPU
	EndGlobalSection
	GlobalSection(ProjectConfigurationPlatforms) = postSolution
		{D46915FD-01F2-44BE-90EC-CD468526C661}.Debug|Any CPU.ActiveCfg = Debug|Any CPU
		{D46915FD-01F2-44BE-90EC-CD468526C661}.Debug|Any CPU.Build.0 = Debug|Any CPU
		{D46915FD-01F2-44BE-90EC-CD468526C661}.Release|Any CPU.ActiveCfg = Release|Any CPU
		{D46915FD-01F2-44BE-90EC-CD468526C661}.Release|Any CPU.Build.0 = Release|Any CPU
	EndGlobalSection
	GlobalSection(SolutionProperties) = preSolution
		HideSolutionNode = FALSE
	EndGlobalSection
	GlobalSection(ExtensibilityGlobals) = postSolution
		SolutionGuid = {1B5A0507-A456-4469-9D92-6206CF777AAA}
	EndGlobalSection
EndGlobal
